
Microsoft Visual Studio Solution File, Format Version 12.00
# Visual Studio 15
VisualStudioVersion = 15.0.28307.168
MinimumVisualStudioVersion = 10.0.40219.1
Project("{FAE04EC0-301F-11D3-BF4B-00C04F79EFBC}") = "WpfTreeViewDemo", "WpfTreeViewDemo\WpfTreeViewDemo.csproj", "{EB789BD0-6522-4784-AD83-E02AD79B7FFA}"
EndProject
Global
	GlobalSection(SolutionConfigurationPlatforms) = preSolution
		Debug|Any CPU = Debug|Any CPU
		Release|Any CPU = Release|Any CPU
	EndGlobalSection
	GlobalSection(ProjectConfigurationPlatforms) = postSolution
		{EB789BD0-6522-4784-AD83-E02AD79B7FFA}.Debug|Any CPU.ActiveCfg = Debug|Any CPU
		{EB789BD0-6522-4784-AD83-E02AD79B7FFA}.Debug|Any CPU.Build.0 = Debug|Any CPU
		{EB789BD0-6522-4784-AD83-E02AD79B7FFA}.Release|Any CPU.ActiveCfg = Release|Any CPU
		{EB789BD0-6522-4784-AD83-E02AD79B7FFA}.Release|Any CPU.Build.0 = Release|Any CPU
	EndGlobalSection
	GlobalSection(SolutionProperties) = preSolution
		HideSolutionNode = FALSE
	EndGlobalSection
	GlobalSection(ExtensibilityGlobals) = postSolution
		SolutionGuid = {3B472E90-F599-49F4-8B7C-F87CBBAF87F0}
	EndGlobalSection
EndGlobal
